// !$*UTF8*$!
{
	archiveVersion = 1;
	classes = {
	};
	objectVersion = 77;
	objects = {

/* Begin PBXBuildFile section */
		9F3A47DE2D0BF7C700262513 /* FirebaseAnalytics in Frameworks */ = {isa = PBXBuildFile; productRef = 9F3A47DD2D0BF7C700262513 /* FirebaseAnalytics */; };
		9F3A47E02D0BF7C700262513 /* FirebaseAuth in Frameworks */ = {isa = PBXBuildFile; productRef = 9F3A47DF2D0BF7C700262513 /* FirebaseAuth */; };
		9F3A47E22D0BF7C700262513 /* FirebaseFirestore in Frameworks */ = {isa = PBXBuildFile; productRef = 9F3A47E12D0BF7C700262513 /* FirebaseFirestore */; };
		9F4A6CD32D0CA6AB00956A0C /* FirebaseCore in Frameworks */ = {isa = PBXBuildFile; productRef = 9F4A6CD22D0CA6AB00956A0C /* FirebaseCore */; };
/* End PBXBuildFile section */

/* Begin PBXContainerItemProxy section */
		9F4AE4262CDE7ED1008C983C /* PBXContainerItemProxy */ = {
			isa = PBXContainerItemProxy;
			containerPortal = 9F4AE40D2CDE7ED0008C983C /* Project object */;
			proxyType = 1;
			remoteGlobalIDString = 9F4AE4142CDE7ED0008C983C;
			remoteInfo = RotateApp;
		};
		9F4AE4302CDE7ED1008C983C /* PBXContainerItemProxy */ = {
			isa = PBXContainerItemProxy;
			containerPortal = 9F4AE40D2CDE7ED0008C983C /* Project object */;
			proxyType = 1;
			remoteGlobalIDString = 9F4AE4142CDE7ED0008C983C;
			remoteInfo = RotateApp;
		};
/* End PBXContainerItemProxy section */

/* Begin PBXFileReference section */
		9F4AE4152CDE7ED0008C983C /* RotateApp.app */ = {isa = PBXFileReference; explicitFileType = wrapper.application; includeInIndex = 0; path = RotateApp.app; sourceTree = BUILT_PRODUCTS_DIR; };
		9F4AE4252CDE7ED1008C983C /* RotateAppTests.xctest */ = {isa = PBXFileReference; explicitFileType = wrapper.cfbundle; includeInIndex = 0; path = RotateAppTests.xctest; sourceTree = BUILT_PRODUCTS_DIR; };
		9F4AE42F2CDE7ED1008C983C /* RotateAppUITests.xctest */ = {isa = PBXFileReference; explicitFileType = wrapper.cfbundle; includeInIndex = 0; path = RotateAppUITests.xctest; sourceTree = BUILT_PRODUCTS_DIR; };
/* End PBXFileReference section */

/* Begin PBXFileSystemSynchronizedBuildFileExceptionSet section */
		9F3A47DA2D0BF5F600262513 /* Exceptions for "RotateApp" folder in "RotateAppTests" target */ = {
			isa = PBXFileSystemSynchronizedBuildFileExceptionSet;
			membershipExceptions = (
				"GoogleService-Info.plist",
			);
			target = 9F4AE4242CDE7ED1008C983C /* RotateAppTests */;
		};
		9F3A47DB2D0BF5F600262513 /* Exceptions for "RotateApp" folder in "RotateAppUITests" target */ = {
			isa = PBXFileSystemSynchronizedBuildFileExceptionSet;
			membershipExceptions = (
				"GoogleService-Info.plist",
			);
			target = 9F4AE42E2CDE7ED1008C983C /* RotateAppUITests */;
		};
/* End PBXFileSystemSynchronizedBuildFileExceptionSet section */

/* Begin PBXFileSystemSynchronizedRootGroup section */
		9F4AE4172CDE7ED0008C983C /* RotateApp */ = {
			isa = PBXFileSystemSynchronizedRootGroup;
			exceptions = (
				9F3A47DA2D0BF5F600262513 /* Exceptions for "RotateApp" folder in "RotateAppTests" target */,
				9F3A47DB2D0BF5F600262513 /* Exceptions for "RotateApp" folder in "RotateAppUITests" target */,
			);
			path = RotateApp;
			sourceTree = "<group>";
		};
		9F4AE4282CDE7ED1008C983C /* RotateAppTests */ = {
			isa = PBXFileSystemSynchronizedRootGroup;
			path = RotateAppTests;
			sourceTree = "<group>";
		};
		9F4AE4322CDE7ED1008C983C /* RotateAppUITests */ = {
			isa = PBXFileSystemSynchronizedRootGroup;
			path = RotateAppUITests;
			sourceTree = "<group>";
		};
/* End PBXFileSystemSynchronizedRootGroup section */

/* Begin PBXFrameworksBuildPhase section */
		9F4AE4122CDE7ED0008C983C /* Frameworks */ = {
			isa = PBXFrameworksBuildPhase;
			buildActionMask = 2147483647;
			files = (
				9F3A47DE2D0BF7C700262513 /* FirebaseAnalytics in Frameworks */,
				9F3A47E02D0BF7C700262513 /* FirebaseAuth in Frameworks */,
				9F4A6CD32D0CA6AB00956A0C /* FirebaseCore in Frameworks */,
				9F3A47E22D0BF7C700262513 /* FirebaseFirestore in Frameworks */,
			);
			runOnlyForDeploymentPostprocessing = 0;
		};
		9F4AE4222CDE7ED1008C983C /* Frameworks */ = {
			isa = PBXFrameworksBuildPhase;
			buildActionMask = 2147483647;
			files = (
			);
			runOnlyForDeploymentPostprocessing = 0;
		};
		9F4AE42C2CDE7ED1008C983C /* Frameworks */ = {
			isa = PBXFrameworksBuildPhase;
			buildActionMask = 2147483647;
			files = (
			);
			runOnlyForDeploymentPostprocessing = 0;
		};
/* End PBXFrameworksBuildPhase section */

/* Begin PBXGroup section */
		9F4AE40C2CDE7ED0008C983C = {
			isa = PBXGroup;
			children = (
				9F4AE4172CDE7ED0008C983C /* RotateApp */,
				9F4AE4282CDE7ED1008C983C /* RotateAppTests */,
				9F4AE4322CDE7ED1008C983C /* RotateAppUITests */,
				9F4AE4162CDE7ED0008C983C /* Products */,
			);
			sourceTree = "<group>";
		};
		9F4AE4162CDE7ED0008C983C /* Products */ = {
			isa = PBXGroup;
			children = (
				9F4AE4152CDE7ED0008C983C /* RotateApp.app */,
				9F4AE4252CDE7ED1008C983C /* RotateAppTests.xctest */,
				9F4AE42F2CDE7ED1008C983C /* RotateAppUITests.xctest */,
			);
			name = Products;
			sourceTree = "<group>";
		};
/* End PBXGroup section */

/* Begin PBXNativeTarget section */
		9F4AE4142CDE7ED0008C983C /* RotateApp */ = {
			isa = PBXNativeTarget;
			buildConfigurationList = 9F4AE4392CDE7ED1008C983C /* Build configuration list for PBXNativeTarget "RotateApp" */;
			buildPhases = (
				9F4AE4112CDE7ED0008C983C /* Sources */,
				9F4AE4122CDE7ED0008C983C /* Frameworks */,
				9F4AE4132CDE7ED0008C983C /* Resources */,
			);
			buildRules = (
			);
			dependencies = (
			);
			fileSystemSynchronizedGroups = (
				9F4AE4172CDE7ED0008C983C /* RotateApp */,
			);
			name = RotateApp;
			packageProductDependencies = (
				9F3A47DD2D0BF7C700262513 /* FirebaseAnalytics */,
				9F3A47DF2D0BF7C700262513 /* FirebaseAuth */,
				9F3A47E12D0BF7C700262513 /* FirebaseFirestore */,
				9F4A6CD22D0CA6AB00956A0C /* FirebaseCore */,
			);
			productName = RotateApp;
			productReference = 9F4AE4152CDE7ED0008C983C /* RotateApp.app */;
			productType = "com.apple.product-type.application";
		};
		9F4AE4242CDE7ED1008C983C /* RotateAppTests */ = {
			isa = PBXNativeTarget;
			buildConfigurationList = 9F4AE43C2CDE7ED1008C983C /* Build configuration list for PBXNativeTarget "RotateAppTests" */;
			buildPhases = (
				9F4AE4212CDE7ED1008C983C /* Sources */,
				9F4AE4222CDE7ED1008C983C /* Frameworks */,
				9F4AE4232CDE7ED1008C983C /* Resources */,
			);
			buildRules = (
			);
			dependencies = (
				9F4AE4272CDE7ED1008C983C /* PBXTargetDependency */,
			);
			fileSystemSynchronizedGroups = (
				9F4AE4282CDE7ED1008C983C /* RotateAppTests */,
			);
			name = RotateAppTests;
			packageProductDependencies = (
			);
			productName = RotateAppTests;
			productReference = 9F4AE4252CDE7ED1008C983C /* RotateAppTests.xctest */;
			productType = "com.apple.product-type.bundle.unit-test";
		};
		9F4AE42E2CDE7ED1008C983C /* RotateAppUITests */ = {
			isa = PBXNativeTarget;
			buildConfigurationList = 9F4AE43F2CDE7ED1008C983C /* Build configuration list for PBXNativeTarget "RotateAppUITests" */;
			buildPhases = (
				9F4AE42B2CDE7ED1008C983C /* Sources */,
				9F4AE42C2CDE7ED1008C983C /* Frameworks */,
				9F4AE42D2CDE7ED1008C983C /* Resources */,
			);
			buildRules = (
			);
			dependencies = (
				9F4AE4312CDE7ED1008C983C /* PBXTargetDependency */,
			);
			fileSystemSynchronizedGroups = (
				9F4AE4322CDE7ED1008C983C /* RotateAppUITests */,
			);
			name = RotateAppUITests;
			packageProductDependencies = (
			);
			productName = RotateAppUITests;
			productReference = 9F4AE42F2CDE7ED1008C983C /* RotateAppUITests.xctest */;
			productType = "com.apple.product-type.bundle.ui-testing";
		};
/* End PBXNativeTarget section */

/* Begin PBXProject section */
		9F4AE40D2CDE7ED0008C983C /* Project object */ = {
			isa = PBXProject;
			attributes = {
				BuildIndependentTargetsInParallel = 1;
				LastSwiftUpdateCheck = 1600;
				LastUpgradeCheck = 1600;
				TargetAttributes = {
					9F4AE4142CDE7ED0008C983C = {
						CreatedOnToolsVersion = 16.0;
					};
					9F4AE4242CDE7ED1008C983C = {
						CreatedOnToolsVersion = 16.0;
						TestTargetID = 9F4AE4142CDE7ED0008C983C;
					};
					9F4AE42E2CDE7ED1008C983C = {
						CreatedOnToolsVersion = 16.0;
						TestTargetID = 9F4AE4142CDE7ED0008C983C;
					};
				};
			};
			buildConfigurationList = 9F4AE4102CDE7ED0008C983C /* Build configuration list for PBXProject "RotateApp" */;
			developmentRegion = en;
			hasScannedForEncodings = 0;
			knownRegions = (
				en,
				Base,
			);
			mainGroup = 9F4AE40C2CDE7ED0008C983C;
			minimizedProjectReferenceProxies = 1;
			packageReferences = (
				9F3A47DC2D0BF7C700262513 /* XCRemoteSwiftPackageReference "firebase-ios-sdk" */,
			);
			preferredProjectObjectVersion = 77;
			productRefGroup = 9F4AE4162CDE7ED0008C983C /* Products */;
			projectDirPath = "";
			projectRoot = "";
			targets = (
				9F4AE4142CDE7ED0008C983C /* RotateApp */,
				9F4AE4242CDE7ED1008C983C /* RotateAppTests */,
				9F4AE42E2CDE7ED1008C983C /* RotateAppUITests */,
			);
		};
/* End PBXProject section */

/* Begin PBXResourcesBuildPhase section */
		9F4AE4132CDE7ED0008C983C /* Resources */ = {
			isa = PBXResourcesBuildPhase;
			buildActionMask = 2147483647;
			files = (
			);
			runOnlyForDeploymentPostprocessing = 0;
		};
		9F4AE4232CDE7ED1008C983C /* Resources */ = {
			isa = PBXResourcesBuildPhase;
			buildActionMask = 2147483647;
			files = (
			);
			runOnlyForDeploymentPostprocessing = 0;
		};
		9F4AE42D2CDE7ED1008C983C /* Resources */ = {
			isa = PBXResourcesBuildPhase;
			buildActionMask = 2147483647;
			files = (
			);
			runOnlyForDeploymentPostprocessing = 0;
		};
/* End PBXResourcesBuildPhase section */

/* Begin PBXSourcesBuildPhase section */
		9F4AE4112CDE7ED0008C983C /* Sources */ = {
			isa = PBXSourcesBuildPhase;
			buildActionMask = 2147483647;
			files = (
			);
			runOnlyForDeploymentPostprocessing = 0;
		};
		9F4AE4212CDE7ED1008C983C /* Sources */ = {
			isa = PBXSourcesBuildPhase;
			buildActionMask = 2147483647;
			files = (
			);
			runOnlyForDeploymentPostprocessing = 0;
		};
		9F4AE42B2CDE7ED1008C983C /* Sources */ = {
			isa = PBXSourcesBuildPhase;
			buildActionMask = 2147483647;
			files = (
			);
			runOnlyForDeploymentPostprocessing = 0;
		};
/* End PBXSourcesBuildPhase section */

/* Begin PBXTargetDependency section */
		9F4AE4272CDE7ED1008C983C /* PBXTargetDependency */ = {
			isa = PBXTargetDependency;
			target = 9F4AE4142CDE7ED0008C983C /* RotateApp */;
			targetProxy = 9F4AE4262CDE7ED1008C983C /* PBXContainerItemProxy */;
		};
		9F4AE4312CDE7ED1008C983C /* PBXTargetDependency */ = {
			isa = PBXTargetDependency;
			target = 9F4AE4142CDE7ED0008C983C /* RotateApp */;
			targetProxy = 9F4AE4302CDE7ED1008C983C /* PBXContainerItemProxy */;
		};
/* End PBXTargetDependency section */

/* Begin XCBuildConfiguration section */
		9F4AE4372CDE7ED1008C983C /* Debug */ = {
			isa = XCBuildConfiguration;
			buildSettings = {
				ALWAYS_SEARCH_USER_PATHS = NO;
				ASSETCATALOG_COMPILER_GENERATE_SWIFT_ASSET_SYMBOL_EXTENSIONS = YES;
				CLANG_ANALYZER_NONNULL = YES;
				CLANG_ANALYZER_NUMBER_OBJECT_CONVERSION = YES_AGGRESSIVE;
				CLANG_CXX_LANGUAGE_STANDARD = "gnu++20";
				CLANG_ENABLE_MODULES = YES;
				CLANG_ENABLE_OBJC_ARC = YES;
				CLANG_ENABLE_OBJC_WEAK = YES;
				CLANG_WARN_BLOCK_CAPTURE_AUTORELEASING = YES;
				CLANG_WARN_BOOL_CONVERSION = YES;
				CLANG_WARN_COMMA = YES;
				CLANG_WARN_CONSTANT_CONVERSION = YES;
				CLANG_WARN_DEPRECATED_OBJC_IMPLEMENTATIONS = YES;
				CLANG_WARN_DIRECT_OBJC_ISA_USAGE = YES_ERROR;
				CLANG_WARN_DOCUMENTATION_COMMENTS = YES;
				CLANG_WARN_EMPTY_BODY = YES;
				CLANG_WARN_ENUM_CONVERSION = YES;
				CLANG_WARN_INFINITE_RECURSION = YES;
				CLANG_WARN_INT_CONVERSION = YES;
				CLANG_WARN_NON_LITERAL_NULL_CONVERSION = YES;
				CLANG_WARN_OBJC_IMPLICIT_RETAIN_SELF = YES;
				CLANG_WARN_OBJC_LITERAL_CONVERSION = YES;
				CLANG_WARN_OBJC_ROOT_CLASS = YES_ERROR;
				CLANG_WARN_QUOTED_INCLUDE_IN_FRAMEWORK_HEADER = YES;
				CLANG_WARN_RANGE_LOOP_ANALYSIS = YES;
				CLANG_WARN_STRICT_PROTOTYPES = YES;
				CLANG_WARN_SUSPICIOUS_MOVE = YES;
				CLANG_WARN_UNGUARDED_AVAILABILITY = YES_AGGRESSIVE;
				CLANG_WARN_UNREACHABLE_CODE = YES;
				CLANG_WARN__DUPLICATE_METHOD_MATCH = YES;
				COPY_PHASE_STRIP = NO;
				DEBUG_INFORMATION_FORMAT = dwarf;
				ENABLE_STRICT_OBJC_MSGSEND = YES;
				ENABLE_TESTABILITY = YES;
				ENABLE_USER_SCRIPT_SANDBOXING = YES;
				GCC_C_LANGUAGE_STANDARD = gnu17;
				GCC_DYNAMIC_NO_PIC = NO;
				GCC_NO_COMMON_BLOCKS = YES;
				GCC_OPTIMIZATION_LEVEL = 0;
				GCC_PREPROCESSOR_DEFINITIONS = (
					"DEBUG=1",
					"$(inherited)",
				);
				GCC_WARN_64_TO_32_BIT_CONVERSION = YES;
				GCC_WARN_ABOUT_RETURN_TYPE = YES_ERROR;
				GCC_WARN_UNDECLARED_SELECTOR = YES;
				GCC_WARN_UNINITIALIZED_AUTOS = YES_AGGRESSIVE;
				GCC_WARN_UNUSED_FUNCTION = YES;
				GCC_WARN_UNUSED_VARIABLE = YES;
				IPHONEOS_DEPLOYMENT_TARGET = 18.0;
				LOCALIZATION_PREFERS_STRING_CATALOGS = YES;
				MTL_ENABLE_DEBUG_INFO = INCLUDE_SOURCE;
				MTL_FAST_MATH = YES;
				ONLY_ACTIVE_ARCH = YES;
				SDKROOT = iphoneos;
				SWIFT_ACTIVE_COMPILATION_CONDITIONS = "DEBUG $(inherited)";
				SWIFT_OPTIMIZATION_LEVEL = "-Onone";
			};
			name = Debug;
		};
		9F4AE4382CDE7ED1008C983C /* Release */ = {
			isa = XCBuildConfiguration;
			buildSettings = {
				ALWAYS_SEARCH_USER_PATHS = NO;
				ASSETCATALOG_COMPILER_GENERATE_SWIFT_ASSET_SYMBOL_EXTENSIONS = YES;
				CLANG_ANALYZER_NONNULL = YES;
				CLANG_ANALYZER_NUMBER_OBJECT_CONVERSION = YES_AGGRESSIVE;
				CLANG_CXX_LANGUAGE_STANDARD = "gnu++20";
				CLANG_ENABLE_MODULES = YES;
				CLANG_ENABLE_OBJC_ARC = YES;
				CLANG_ENABLE_OBJC_WEAK = YES;
				CLANG_WARN_BLOCK_CAPTURE_AUTORELEASING = YES;
				CLANG_WARN_BOOL_CONVERSION = YES;
				CLANG_WARN_COMMA = YES;
				CLANG_WARN_CONSTANT_CONVERSION = YES;
				CLANG_WARN_DEPRECATED_OBJC_IMPLEMENTATIONS = YES;
				CLANG_WARN_DIRECT_OBJC_ISA_USAGE = YES_ERROR;
				CLANG_WARN_DOCUMENTATION_COMMENTS = YES;
				CLANG_WARN_EMPTY_BODY = YES;
				CLANG_WARN_ENUM_CONVERSION = YES;
				CLANG_WARN_INFINITE_RECURSION = YES;
				CLANG_WARN_INT_CONVERSION = YES;
				CLANG_WARN_NON_LITERAL_NULL_CONVERSION = YES;
				CLANG_WARN_OBJC_IMPLICIT_RETAIN_SELF = YES;
				CLANG_WARN_OBJC_LITERAL_CONVERSION = YES;
				CLANG_WARN_OBJC_ROOT_CLASS = YES_ERROR;
				CLANG_WARN_QUOTED_INCLUDE_IN_FRAMEWORK_HEADER = YES;
				CLANG_WARN_RANGE_LOOP_ANALYSIS = YES;
				CLANG_WARN_STRICT_PROTOTYPES = YES;
				CLANG_WARN_SUSPICIOUS_MOVE = YES;
				CLANG_WARN_UNGUARDED_AVAILABILITY = YES_AGGRESSIVE;
				CLANG_WARN_UNREACHABLE_CODE = YES;
				CLANG_WARN__DUPLICATE_METHOD_MATCH = YES;
				COPY_PHASE_STRIP = NO;
				DEBUG_INFORMATION_FORMAT = "dwarf-with-dsym";
				ENABLE_NS_ASSERTIONS = NO;
				ENABLE_STRICT_OBJC_MSGSEND = YES;
				ENABLE_USER_SCRIPT_SANDBOXING = YES;
				GCC_C_LANGUAGE_STANDARD = gnu17;
				GCC_NO_COMMON_BLOCKS = YES;
				GCC_WARN_64_TO_32_BIT_CONVERSION = YES;
				GCC_WARN_ABOUT_RETURN_TYPE = YES_ERROR;
				GCC_WARN_UNDECLARED_SELECTOR = YES;
				GCC_WARN_UNINITIALIZED_AUTOS = YES_AGGRESSIVE;
				GCC_WARN_UNUSED_FUNCTION = YES;
				GCC_WARN_UNUSED_VARIABLE = YES;
				IPHONEOS_DEPLOYMENT_TARGET = 18.0;
				LOCALIZATION_PREFERS_STRING_CATALOGS = YES;
				MTL_ENABLE_DEBUG_INFO = NO;
				MTL_FAST_MATH = YES;
				SDKROOT = iphoneos;
				SWIFT_COMPILATION_MODE = wholemodule;
				VALIDATE_PRODUCT = YES;
			};
			name = Release;
		};
		9F4AE43A2CDE7ED1008C983C /* Debug */ = {
			isa = XCBuildConfiguration;
			buildSettings = {
				ASSETCATALOG_COMPILER_APPICON_NAME = AppIcon;
				ASSETCATALOG_COMPILER_GLOBAL_ACCENT_COLOR_NAME = AccentColor;
				CODE_SIGN_STYLE = Automatic;
				CURRENT_PROJECT_VERSION = 1;
				DEVELOPMENT_ASSET_PATHS = "\"RotateApp/Preview Content\"";
				ENABLE_PREVIEWS = YES;
				GENERATE_INFOPLIST_FILE = YES;
				INFOPLIST_KEY_UIApplicationSceneManifest_Generation = YES;
				INFOPLIST_KEY_UIApplicationSupportsIndirectInputEvents = YES;
				INFOPLIST_KEY_UILaunchScreen_Generation = YES;
				INFOPLIST_KEY_UISupportedInterfaceOrientations_iPad = "UIInterfaceOrientationPortrait UIInterfaceOrientationPortraitUpsideDown UIInterfaceOrientationLandscapeLeft UIInterfaceOrientationLandscapeRight";
				INFOPLIST_KEY_UISupportedInterfaceOrientations_iPhone = "UIInterfaceOrientationPortrait UIInterfaceOrientationLandscapeLeft UIInterfaceOrientationLandscapeRight";
				LD_RUNPATH_SEARCH_PATHS = (
					"$(inherited)",
					"@executable_path/Frameworks",
				);
				MARKETING_VERSION = 1.0;
				OTHER_LDFLAGS = "-ObjC";
				PRODUCT_BUNDLE_IDENTIFIER = name.valentealvarez.RotateApp;
				PRODUCT_NAME = "$(TARGET_NAME)";
				SWIFT_EMIT_LOC_STRINGS = YES;
				SWIFT_VERSION = 5.0;
				TARGETED_DEVICE_FAMILY = "1,2";
			};
			name = Debug;
		};
		9F4AE43B2CDE7ED1008C983C /* Release */ = {
			isa = XCBuildConfiguration;
			buildSettings = {
				ASSETCATALOG_COMPILER_APPICON_NAME = AppIcon;
				ASSETCATALOG_COMPILER_GLOBAL_ACCENT_COLOR_NAME = AccentColor;
				CODE_SIGN_STYLE = Automatic;
				CURRENT_PROJECT_VERSION = 1;
				DEVELOPMENT_ASSET_PATHS = "\"RotateApp/Preview Content\"";
				ENABLE_PREVIEWS = YES;
				GENERATE_INFOPLIST_FILE = YES;
				INFOPLIST_KEY_UIApplicationSceneManifest_Generation = YES;
				INFOPLIST_KEY_UIApplicationSupportsIndirectInputEvents = YES;
				INFOPLIST_KEY_UILaunchScreen_Generation = YES;
				INFOPLIST_KEY_UISupportedInterfaceOrientations_iPad = "UIInterfaceOrientationPortrait UIInterfaceOrientationPortraitUpsideDown UIInterfaceOrientationLandscapeLeft UIInterfaceOrientationLandscapeRight";
				INFOPLIST_KEY_UISupportedInterfaceOrientations_iPhone = "UIInterfaceOrientationPortrait UIInterfaceOrientationLandscapeLeft UIInterfaceOrientationLandscapeRight";
				LD_RUNPATH_SEARCH_PATHS = (
					"$(inherited)",
					"@executable_path/Frameworks",
				);
				MARKETING_VERSION = 1.0;
				OTHER_LDFLAGS = "-ObjC";
				PRODUCT_BUNDLE_IDENTIFIER = name.valentealvarez.RotateApp;
				PRODUCT_NAME = "$(TARGET_NAME)";
				SWIFT_EMIT_LOC_STRINGS = YES;
				SWIFT_VERSION = 5.0;
				TARGETED_DEVICE_FAMILY = "1,2";
			};
			name = Release;
		};
		9F4AE43D2CDE7ED1008C983C /* Debug */ = {
			isa = XCBuildConfiguration;
			buildSettings = {
				BUNDLE_LOADER = "$(TEST_HOST)";
				CODE_SIGN_STYLE = Automatic;
				CURRENT_PROJECT_VERSION = 1;
				GENERATE_INFOPLIST_FILE = YES;
				IPHONEOS_DEPLOYMENT_TARGET = 18.0;
				MARKETING_VERSION = 1.0;
				PRODUCT_BUNDLE_IDENTIFIER = name.valentealvarez.RotateAppTests;
				PRODUCT_NAME = "$(TARGET_NAME)";
				SWIFT_EMIT_LOC_STRINGS = NO;
				SWIFT_VERSION = 5.0;
				TARGETED_DEVICE_FAMILY = "1,2";
				TEST_HOST = "$(BUILT_PRODUCTS_DIR)/RotateApp.app/$(BUNDLE_EXECUTABLE_FOLDER_PATH)/RotateApp";
			};
			name = Debug;
		};
		9F4AE43E2CDE7ED1008C983C /* Release */ = {
			isa = XCBuildConfiguration;
			buildSettings = {
				BUNDLE_LOADER = "$(TEST_HOST)";
				CODE_SIGN_STYLE = Automatic;
				CURRENT_PROJECT_VERSION = 1;
				GENERATE_INFOPLIST_FILE = YES;
				IPHONEOS_DEPLOYMENT_TARGET = 18.0;
				MARKETING_VERSION = 1.0;
				PRODUCT_BUNDLE_IDENTIFIER = name.valentealvarez.RotateAppTests;
				PRODUCT_NAME = "$(TARGET_NAME)";
				SWIFT_EMIT_LOC_STRINGS = NO;
				SWIFT_VERSION = 5.0;
				TARGETED_DEVICE_FAMILY = "1,2";
				TEST_HOST = "$(BUILT_PRODUCTS_DIR)/RotateApp.app/$(BUNDLE_EXECUTABLE_FOLDER_PATH)/RotateApp";
			};
			name = Release;
		};
		9F4AE4402CDE7ED1008C983C /* Debug */ = {
			isa = XCBuildConfiguration;
			buildSettings = {
				CODE_SIGN_STYLE = Automatic;
				CURRENT_PROJECT_VERSION = 1;
				GENERATE_INFOPLIST_FILE = YES;
				MARKETING_VERSION = 1.0;
				PRODUCT_BUNDLE_IDENTIFIER = name.valentealvarez.RotateAppUITests;
				PRODUCT_NAME = "$(TARGET_NAME)";
				SWIFT_EMIT_LOC_STRINGS = NO;
				SWIFT_VERSION = 5.0;
				TARGETED_DEVICE_FAMILY = "1,2";
				TEST_TARGET_NAME = RotateApp;
			};
			name = Debug;
		};
		9F4AE4412CDE7ED1008C983C /* Release */ = {
			isa = XCBuildConfiguration;
			buildSettings = {
				CODE_SIGN_STYLE = Automatic;
				CURRENT_PROJECT_VERSION = 1;
				GENERATE_INFOPLIST_FILE = YES;
				MARKETING_VERSION = 1.0;
				PRODUCT_BUNDLE_IDENTIFIER = name.valentealvarez.RotateAppUITests;
				PRODUCT_NAME = "$(TARGET_NAME)";
				SWIFT_EMIT_LOC_STRINGS = NO;
				SWIFT_VERSION = 5.0;
				TARGETED_DEVICE_FAMILY = "1,2";
				TEST_TARGET_NAME = RotateApp;
			};
			name = Release;
		};
/* End XCBuildConfiguration section */

/* Begin XCConfigurationList section */
		9F4AE4102CDE7ED0008C983C /* Build configuration list for PBXProject "RotateApp" */ = {
			isa = XCConfigurationList;
			buildConfigurations = (
				9F4AE4372CDE7ED1008C983C /* Debug */,
				9F4AE4382CDE7ED1008C983C /* Release */,
			);
			defaultConfigurationIsVisible = 0;
			defaultConfigurationName = Release;
		};
		9F4AE4392CDE7ED1008C983C /* Build configuration list for PBXNativeTarget "RotateApp" */ = {
			isa = XCConfigurationList;
			buildConfigurations = (
				9F4AE43A2CDE7ED1008C983C /* Debug */,
				9F4AE43B2CDE7ED1008C983C /* Release */,
			);
			defaultConfigurationIsVisible = 0;
			defaultConfigurationName = Release;
		};
		9F4AE43C2CDE7ED1008C983C /* Build configuration list for PBXNativeTarget "RotateAppTests" */ = {
			isa = XCConfigurationList;
			buildConfigurations = (
				9F4AE43D2CDE7ED1008C983C /* Debug */,
				9F4AE43E2CDE7ED1008C983C /* Release */,
			);
			defaultConfigurationIsVisible = 0;
			defaultConfigurationName = Release;
		};
		9F4AE43F2CDE7ED1008C983C /* Build configuration list for PBXNativeTarget "RotateAppUITests" */ = {
			isa = XCConfigurationList;
			buildConfigurations = (
				9F4AE4402CDE7ED1008C983C /* Debug */,
				9F4AE4412CDE7ED1008C983C /* Release */,
			);
			defaultConfigurationIsVisible = 0;
			defaultConfigurationName = Release;
		};
/* End XCConfigurationList section */

/* Begin XCRemoteSwiftPackageReference section */
		9F3A47DC2D0BF7C700262513 /* XCRemoteSwiftPackageReference "firebase-ios-sdk" */ = {
			isa = XCRemoteSwiftPackageReference;
			repositoryURL = "https://github.com/firebase/firebase-ios-sdk.git";
			requirement = {
				kind = upToNextMajorVersion;
				minimumVersion = 11.6.0;
			};
		};
/* End XCRemoteSwiftPackageReference section */

/* Begin XCSwiftPackageProductDependency section */
		9F3A47DD2D0BF7C700262513 /* FirebaseAnalytics */ = {
			isa = XCSwiftPackageProductDependency;
			package = 9F3A47DC2D0BF7C700262513 /* XCRemoteSwiftPackageReference "firebase-ios-sdk" */;
			productName = FirebaseAnalytics;
		};
		9F3A47DF2D0BF7C700262513 /* FirebaseAuth */ = {
			isa = XCSwiftPackageProductDependency;
			package = 9F3A47DC2D0BF7C700262513 /* XCRemoteSwiftPackageReference "firebase-ios-sdk" */;
			productName = FirebaseAuth;
		};
		9F3A47E12D0BF7C700262513 /* FirebaseFirestore */ = {
			isa = XCSwiftPackageProductDependency;
			package = 9F3A47DC2D0BF7C700262513 /* XCRemoteSwiftPackageReference "firebase-ios-sdk" */;
			productName = FirebaseFirestore;
		};
		9F4A6CD22D0CA6AB00956A0C /* FirebaseCore */ = {
			isa = XCSwiftPackageProductDependency;
			package = 9F3A47DC2D0BF7C700262513 /* XCRemoteSwiftPackageReference "firebase-ios-sdk" */;
			productName = FirebaseCore;
		};
/* End XCSwiftPackageProductDependency section */
	};
	rootObject = 9F4AE40D2CDE7ED0008C983C /* Project object */;
}
